
Microsoft Visual Studio Solution File, Format Version 12.00
# Visual Studio 15
VisualStudioVersion = 15.0.28307.539
MinimumVisualStudioVersion = 10.0.40219.1
Project("{FAE04EC0-301F-11D3-BF4B-00C04F79EFBC}") = "EFGetStarted.AspNetCore.ExistingDb", "EFGetStarted.AspNetCore.ExistingDb\EFGetStarted.AspNetCore.ExistingDb.csproj", "{D1ED25B1-05D2-4458-B784-9FDF461BC3D1}"
EndProject
Global
	GlobalSection(SolutionConfigurationPlatforms) = preSolution
		Debug|Any CPU = Debug|Any CPU
		Release|Any CPU = Release|Any CPU
	EndGlobalSection
	GlobalSection(ProjectConfigurationPlatforms) = postSolution
		{D1ED25B1-05D2-4458-B784-9FDF461BC3D1}.Debug|Any CPU.ActiveCfg = Debug|Any CPU
		{D1ED25B1-05D2-4458-B784-9FDF461BC3D1}.Debug|Any CPU.Build.0 = Debug|Any CPU
		{D1ED25B1-05D2-4458-B784-9FDF461BC3D1}.Release|Any CPU.ActiveCfg = Release|Any CPU
		{D1ED25B1-05D2-4458-B784-9FDF461BC3D1}.Release|Any CPU.Build.0 = Release|Any CPU
	EndGlobalSection
	GlobalSection(SolutionProperties) = preSolution
		HideSolutionNode = FALSE
	EndGlobalSection
	GlobalSection(ExtensibilityGlobals) = postSolution
		SolutionGuid = {197925A2-306C-4FC4-B0BE-954485CEDDDC}
	EndGlobalSection
EndGlobal
